
Microsoft Visual Studio Solution File, Format Version 12.00
# Visual Studio Version 17
VisualStudioVersion = 17.11.35327.3
MinimumVisualStudioVersion = 10.0.40219.1
Project("{FAE04EC0-301F-11D3-BF4B-00C04F79EFBC}") = "Clz Work", "Clz Work\Clz Work.csproj", "{9E9BDABC-ED6A-49BD-BA6B-52AC2DAB1626}"
EndProject
Global
	GlobalSection(SolutionConfigurationPlatforms) = preSolution
		Debug|Any CPU = Debug|Any CPU
		Release|Any CPU = Release|Any CPU
	EndGlobalSection
	GlobalSection(ProjectConfigurationPlatforms) = postSolution
		{9E9BDABC-ED6A-49BD-BA6B-52AC2DAB1626}.Debug|Any CPU.ActiveCfg = Debug|Any CPU
		{9E9BDABC-ED6A-49BD-BA6B-52AC2DAB1626}.Debug|Any CPU.Build.0 = Debug|Any CPU
		{9E9BDABC-ED6A-49BD-BA6B-52AC2DAB1626}.Release|Any CPU.ActiveCfg = Release|Any CPU
		{9E9BDABC-ED6A-49BD-BA6B-52AC2DAB1626}.Release|Any CPU.Build.0 = Release|Any CPU
	EndGlobalSection
	GlobalSection(SolutionProperties) = preSolution
		HideSolutionNode = FALSE
	EndGlobalSection
	GlobalSection(ExtensibilityGlobals) = postSolution
		SolutionGuid = {2165E008-5A72-4785-8213-690B2C44E0AC}
	EndGlobalSection
EndGlobal
